
Microsoft Visual Studio Solution File, Format Version 12.00
Project("{FAE04EC0-301F-11D3-BF4B-00C04F79EFBC}") = "AspireTestBed", "AspireTestBed\AspireTestBed.csproj", "{13F46140-37FD-453F-A907-C615022F42C9}"
EndProject
Project("{FAE04EC0-301F-11D3-BF4B-00C04F79EFBC}") = "CustomerApi", "CustomerApi\CustomerApi.csproj", "{AFBAA0FE-C843-413F-B0D5-881BF6FDE632}"
EndProject
Project("{FAE04EC0-301F-11D3-BF4B-00C04F79EFBC}") = "ServiceDefaults", "ServiceDefaults\ServiceDefaults.csproj", "{EC030C6B-3B4A-4E34-88BF-D151AB943314}"
EndProject
Project("{FAE04EC0-301F-11D3-BF4B-00C04F79EFBC}") = "CustomerWorker", "CustomerWorker\CustomerWorker.csproj", "{6263CEA3-F249-45AD-AFD1-6E75F22D33EA}"
EndProject
Global
	GlobalSection(SolutionConfigurationPlatforms) = preSolution
		Debug|Any CPU = Debug|Any CPU
		Release|Any CPU = Release|Any CPU
	EndGlobalSection
	GlobalSection(ProjectConfigurationPlatforms) = postSolution
		{13F46140-37FD-453F-A907-C615022F42C9}.Debug|Any CPU.ActiveCfg = Debug|Any CPU
		{13F46140-37FD-453F-A907-C615022F42C9}.Debug|Any CPU.Build.0 = Debug|Any CPU
		{13F46140-37FD-453F-A907-C615022F42C9}.Release|Any CPU.ActiveCfg = Release|Any CPU
		{13F46140-37FD-453F-A907-C615022F42C9}.Release|Any CPU.Build.0 = Release|Any CPU
		{AFBAA0FE-C843-413F-B0D5-881BF6FDE632}.Debug|Any CPU.ActiveCfg = Debug|Any CPU
		{AFBAA0FE-C843-413F-B0D5-881BF6FDE632}.Debug|Any CPU.Build.0 = Debug|Any CPU
		{AFBAA0FE-C843-413F-B0D5-881BF6FDE632}.Release|Any CPU.ActiveCfg = Release|Any CPU
		{AFBAA0FE-C843-413F-B0D5-881BF6FDE632}.Release|Any CPU.Build.0 = Release|Any CPU
		{EC030C6B-3B4A-4E34-88BF-D151AB943314}.Debug|Any CPU.ActiveCfg = Debug|Any CPU
		{EC030C6B-3B4A-4E34-88BF-D151AB943314}.Debug|Any CPU.Build.0 = Debug|Any CPU
		{EC030C6B-3B4A-4E34-88BF-D151AB943314}.Release|Any CPU.ActiveCfg = Release|Any CPU
		{EC030C6B-3B4A-4E34-88BF-D151AB943314}.Release|Any CPU.Build.0 = Release|Any CPU
		{6263CEA3-F249-45AD-AFD1-6E75F22D33EA}.Debug|Any CPU.ActiveCfg = Debug|Any CPU
		{6263CEA3-F249-45AD-AFD1-6E75F22D33EA}.Debug|Any CPU.Build.0 = Debug|Any CPU
		{6263CEA3-F249-45AD-AFD1-6E75F22D33EA}.Release|Any CPU.ActiveCfg = Release|Any CPU
		{6263CEA3-F249-45AD-AFD1-6E75F22D33EA}.Release|Any CPU.Build.0 = Release|Any CPU
	EndGlobalSection
EndGlobal
